// !$*UTF8*$!
{
	archiveVersion = 1;
	classes = {
	};
	objectVersion = 55;
	objects = {

/* Begin PBXBuildFile section */
		E1696921287C12E300BF5BA9 /* UnlostApp.swift in Sources */ = {isa = PBXBuildFile; fileRef = E1696920287C12E300BF5BA9 /* UnlostApp.swift */; };
		E1696923287C12E300BF5BA9 /* ContentView.swift in Sources */ = {isa = PBXBuildFile; fileRef = E1696922287C12E300BF5BA9 /* ContentView.swift */; };
		E1696925287C12E600BF5BA9 /* Assets.xcassets in Resources */ = {isa = PBXBuildFile; fileRef = E1696924287C12E600BF5BA9 /* Assets.xcassets */; };
		E1696928287C12E600BF5BA9 /* Preview Assets.xcassets in Resources */ = {isa = PBXBuildFile; fileRef = E1696927287C12E600BF5BA9 /* Preview Assets.xcassets */; };
		E1696932287C12E600BF5BA9 /* UnlostTests.swift in Sources */ = {isa = PBXBuildFile; fileRef = E1696931287C12E600BF5BA9 /* UnlostTests.swift */; };
		E169693C287C12E600BF5BA9 /* UnlostUITests.swift in Sources */ = {isa = PBXBuildFile; fileRef = E169693B287C12E600BF5BA9 /* UnlostUITests.swift */; };
		E169693E287C12E600BF5BA9 /* UnlostUITestsLaunchTests.swift in Sources */ = {isa = PBXBuildFile; fileRef = E169693D287C12E600BF5BA9 /* UnlostUITestsLaunchTests.swift */; };
/* End PBXBuildFile section */

/* Begin PBXContainerItemProxy section */
		E169692E287C12E600BF5BA9 /* PBXContainerItemProxy */ = {
			isa = PBXContainerItemProxy;
			containerPortal = E1696915287C12E300BF5BA9 /* Project object */;
			proxyType = 1;
			remoteGlobalIDString = E169691C287C12E300BF5BA9;
			remoteInfo = Unlost;
		};
		E1696938287C12E600BF5BA9 /* PBXContainerItemProxy */ = {
			isa = PBXContainerItemProxy;
			containerPortal = E1696915287C12E300BF5BA9 /* Project object */;
			proxyType = 1;
			remoteGlobalIDString = E169691C287C12E300BF5BA9;
			remoteInfo = Unlost;
		};
/* End PBXContainerItemProxy section */

/* Begin PBXFileReference section */
		E169691D287C12E300BF5BA9 /* Unlost.app */ = {isa = PBXFileReference; explicitFileType = wrapper.application; includeInIndex = 0; path = Unlost.app; sourceTree = BUILT_PRODUCTS_DIR; };
		E1696920287C12E300BF5BA9 /* UnlostApp.swift */ = {isa = PBXFileReference; lastKnownFileType = sourcecode.swift; path = UnlostApp.swift; sourceTree = "<group>"; };
		E1696922287C12E300BF5BA9 /* ContentView.swift */ = {isa = PBXFileReference; lastKnownFileType = sourcecode.swift; path = ContentView.swift; sourceTree = "<group>"; };
		E1696924287C12E600BF5BA9 /* Assets.xcassets */ = {isa = PBXFileReference; lastKnownFileType = folder.assetcatalog; path = Assets.xcassets; sourceTree = "<group>"; };
		E1696927287C12E600BF5BA9 /* Preview Assets.xcassets */ = {isa = PBXFileReference; lastKnownFileType = folder.assetcatalog; path = "Preview Assets.xcassets"; sourceTree = "<group>"; };
		E169692D287C12E600BF5BA9 /* UnlostTests.xctest */ = {isa = PBXFileReference; explicitFileType = wrapper.cfbundle; includeInIndex = 0; path = UnlostTests.xctest; sourceTree = BUILT_PRODUCTS_DIR; };
		E1696931287C12E600BF5BA9 /* UnlostTests.swift */ = {isa = PBXFileReference; lastKnownFileType = sourcecode.swift; path = UnlostTests.swift; sourceTree = "<group>"; };
		E1696937287C12E600BF5BA9 /* UnlostUITests.xctest */ = {isa = PBXFileReference; explicitFileType = wrapper.cfbundle; includeInIndex = 0; path = UnlostUITests.xctest; sourceTree = BUILT_PRODUCTS_DIR; };
		E169693B287C12E600BF5BA9 /* UnlostUITests.swift */ = {isa = PBXFileReference; lastKnownFileType = sourcecode.swift; path = UnlostUITests.swift; sourceTree = "<group>"; };
		E169693D287C12E600BF5BA9 /* UnlostUITestsLaunchTests.swift */ = {isa = PBXFileReference; lastKnownFileType = sourcecode.swift; path = UnlostUITestsLaunchTests.swift; sourceTree = "<group>"; };
/* End PBXFileReference section */

/* Begin PBXFrameworksBuildPhase section */
		E169691A287C12E300BF5BA9 /* Frameworks */ = {
			isa = PBXFrameworksBuildPhase;
			buildActionMask = 2147483647;
			files = (
			);
			runOnlyForDeploymentPostprocessing = 0;
		};
		E169692A287C12E600BF5BA9 /* Frameworks */ = {
			isa = PBXFrameworksBuildPhase;
			buildActionMask = 2147483647;
			files = (
			);
			runOnlyForDeploymentPostprocessing = 0;
		};
		E1696934287C12E600BF5BA9 /* Frameworks */ = {
			isa = PBXFrameworksBuildPhase;
			buildActionMask = 2147483647;
			files = (
			);
			runOnlyForDeploymentPostprocessing = 0;
		};
/* End PBXFrameworksBuildPhase section */

/* Begin PBXGroup section */
		E1696914287C12E300BF5BA9 = {
			isa = PBXGroup;
			children = (
				E169691F287C12E300BF5BA9 /* Unlost */,
				E1696930287C12E600BF5BA9 /* UnlostTests */,
				E169693A287C12E600BF5BA9 /* UnlostUITests */,
				E169691E287C12E300BF5BA9 /* Products */,
			);
			sourceTree = "<group>";
		};
		E169691E287C12E300BF5BA9 /* Products */ = {
			isa = PBXGroup;
			children = (
				E169691D287C12E300BF5BA9 /* Unlost.app */,
				E169692D287C12E600BF5BA9 /* UnlostTests.xctest */,
				E1696937287C12E600BF5BA9 /* UnlostUITests.xctest */,
			);
			name = Products;
			sourceTree = "<group>";
		};
		E169691F287C12E300BF5BA9 /* Unlost */ = {
			isa = PBXGroup;
			children = (
				E1696920287C12E300BF5BA9 /* UnlostApp.swift */,
				E1696922287C12E300BF5BA9 /* ContentView.swift */,
				E1696924287C12E600BF5BA9 /* Assets.xcassets */,
				E1696926287C12E600BF5BA9 /* Preview Content */,
			);
			path = Unlost;
			sourceTree = "<group>";
		};
		E1696926287C12E600BF5BA9 /* Preview Content */ = {
			isa = PBXGroup;
			children = (
				E1696927287C12E600BF5BA9 /* Preview Assets.xcassets */,
			);
			path = "Preview Content";
			sourceTree = "<group>";
		};
		E1696930287C12E600BF5BA9 /* UnlostTests */ = {
			isa = PBXGroup;
			children = (
				E1696931287C12E600BF5BA9 /* UnlostTests.swift */,
			);
			path = UnlostTests;
			sourceTree = "<group>";
		};
		E169693A287C12E600BF5BA9 /* UnlostUITests */ = {
			isa = PBXGroup;
			children = (
				E169693B287C12E600BF5BA9 /* UnlostUITests.swift */,
				E169693D287C12E600BF5BA9 /* UnlostUITestsLaunchTests.swift */,
			);
			path = UnlostUITests;
			sourceTree = "<group>";
		};
/* End PBXGroup section */

/* Begin PBXNativeTarget section */
		E169691C287C12E300BF5BA9 /* Unlost */ = {
			isa = PBXNativeTarget;
			buildConfigurationList = E1696941287C12E600BF5BA9 /* Build configuration list for PBXNativeTarget "Unlost" */;
			buildPhases = (
				E1696919287C12E300BF5BA9 /* Sources */,
				E169691A287C12E300BF5BA9 /* Frameworks */,
				E169691B287C12E300BF5BA9 /* Resources */,
			);
			buildRules = (
			);
			dependencies = (
			);
			name = Unlost;
			productName = Unlost;
			productReference = E169691D287C12E300BF5BA9 /* Unlost.app */;
			productType = "com.apple.product-type.application";
		};
		E169692C287C12E600BF5BA9 /* UnlostTests */ = {
			isa = PBXNativeTarget;
			buildConfigurationList = E1696944287C12E600BF5BA9 /* Build configuration list for PBXNativeTarget "UnlostTests" */;
			buildPhases = (
				E1696929287C12E600BF5BA9 /* Sources */,
				E169692A287C12E600BF5BA9 /* Frameworks */,
				E169692B287C12E600BF5BA9 /* Resources */,
			);
			buildRules = (
			);
			dependencies = (
				E169692F287C12E600BF5BA9 /* PBXTargetDependency */,
			);
			name = UnlostTests;
			productName = UnlostTests;
			productReference = E169692D287C12E600BF5BA9 /* UnlostTests.xctest */;
			productType = "com.apple.product-type.bundle.unit-test";
		};
		E1696936287C12E600BF5BA9 /* UnlostUITests */ = {
			isa = PBXNativeTarget;
			buildConfigurationList = E1696947287C12E600BF5BA9 /* Build configuration list for PBXNativeTarget "UnlostUITests" */;
			buildPhases = (
				E1696933287C12E600BF5BA9 /* Sources */,
				E1696934287C12E600BF5BA9 /* Frameworks */,
				E1696935287C12E600BF5BA9 /* Resources */,
			);
			buildRules = (
			);
			dependencies = (
				E1696939287C12E600BF5BA9 /* PBXTargetDependency */,
			);
			name = UnlostUITests;
			productName = UnlostUITests;
			productReference = E1696937287C12E600BF5BA9 /* UnlostUITests.xctest */;
			productType = "com.apple.product-type.bundle.ui-testing";
		};
/* End PBXNativeTarget section */

/* Begin PBXProject section */
		E1696915287C12E300BF5BA9 /* Project object */ = {
			isa = PBXProject;
			attributes = {
				BuildIndependentTargetsInParallel = 1;
				LastSwiftUpdateCheck = 1340;
				LastUpgradeCheck = 1340;
				TargetAttributes = {
					E169691C287C12E300BF5BA9 = {
						CreatedOnToolsVersion = 13.4.1;
					};
					E169692C287C12E600BF5BA9 = {
						CreatedOnToolsVersion = 13.4.1;
						TestTargetID = E169691C287C12E300BF5BA9;
					};
					E1696936287C12E600BF5BA9 = {
						CreatedOnToolsVersion = 13.4.1;
						TestTargetID = E169691C287C12E300BF5BA9;
					};
				};
			};
			buildConfigurationList = E1696918287C12E300BF5BA9 /* Build configuration list for PBXProject "Unlost" */;
			compatibilityVersion = "Xcode 13.0";
			developmentRegion = en;
			hasScannedForEncodings = 0;
			knownRegions = (
				en,
				Base,
			);
			mainGroup = E1696914287C12E300BF5BA9;
			productRefGroup = E169691E287C12E300BF5BA9 /* Products */;
			projectDirPath = "";
			projectRoot = "";
			targets = (
				E169691C287C12E300BF5BA9 /* Unlost */,
				E169692C287C12E600BF5BA9 /* UnlostTests */,
				E1696936287C12E600BF5BA9 /* UnlostUITests */,
			);
		};
/* End PBXProject section */

/* Begin PBXResourcesBuildPhase section */
		E169691B287C12E300BF5BA9 /* Resources */ = {
			isa = PBXResourcesBuildPhase;
			buildActionMask = 2147483647;
			files = (
				E1696928287C12E600BF5BA9 /* Preview Assets.xcassets in Resources */,
				E1696925287C12E600BF5BA9 /* Assets.xcassets in Resources */,
			);
			runOnlyForDeploymentPostprocessing = 0;
		};
		E169692B287C12E600BF5BA9 /* Resources */ = {
			isa = PBXResourcesBuildPhase;
			buildActionMask = 2147483647;
			files = (
			);
			runOnlyForDeploymentPostprocessing = 0;
		};
		E1696935287C12E600BF5BA9 /* Resources */ = {
			isa = PBXResourcesBuildPhase;
			buildActionMask = 2147483647;
			files = (
			);
			runOnlyForDeploymentPostprocessing = 0;
		};
/* End PBXResourcesBuildPhase section */

/* Begin PBXSourcesBuildPhase section */
		E1696919287C12E300BF5BA9 /* Sources */ = {
			isa = PBXSourcesBuildPhase;
			buildActionMask = 2147483647;
			files = (
				E1696923287C12E300BF5BA9 /* ContentView.swift in Sources */,
				E1696921287C12E300BF5BA9 /* UnlostApp.swift in Sources */,
			);
			runOnlyForDeploymentPostprocessing = 0;
		};
		E1696929287C12E600BF5BA9 /* Sources */ = {
			isa = PBXSourcesBuildPhase;
			buildActionMask = 2147483647;
			files = (
				E1696932287C12E600BF5BA9 /* UnlostTests.swift in Sources */,
			);
			runOnlyForDeploymentPostprocessing = 0;
		};
		E1696933287C12E600BF5BA9 /* Sources */ = {
			isa = PBXSourcesBuildPhase;
			buildActionMask = 2147483647;
			files = (
				E169693C287C12E600BF5BA9 /* UnlostUITests.swift in Sources */,
				E169693E287C12E600BF5BA9 /* UnlostUITestsLaunchTests.swift in Sources */,
			);
			runOnlyForDeploymentPostprocessing = 0;
		};
/* End PBXSourcesBuildPhase section */

/* Begin PBXTargetDependency section */
		E169692F287C12E600BF5BA9 /* PBXTargetDependency */ = {
			isa = PBXTargetDependency;
			target = E169691C287C12E300BF5BA9 /* Unlost */;
			targetProxy = E169692E287C12E600BF5BA9 /* PBXContainerItemProxy */;
		};
		E1696939287C12E600BF5BA9 /* PBXTargetDependency */ = {
			isa = PBXTargetDependency;
			target = E169691C287C12E300BF5BA9 /* Unlost */;
			targetProxy = E1696938287C12E600BF5BA9 /* PBXContainerItemProxy */;
		};
/* End PBXTargetDependency section */

/* Begin XCBuildConfiguration section */
		E169693F287C12E600BF5BA9 /* Debug */ = {
			isa = XCBuildConfiguration;
			buildSettings = {
				ALWAYS_SEARCH_USER_PATHS = NO;
				CLANG_ANALYZER_NONNULL = YES;
				CLANG_ANALYZER_NUMBER_OBJECT_CONVERSION = YES_AGGRESSIVE;
				CLANG_CXX_LANGUAGE_STANDARD = "gnu++17";
				CLANG_ENABLE_MODULES = YES;
				CLANG_ENABLE_OBJC_ARC = YES;
				CLANG_ENABLE_OBJC_WEAK = YES;
				CLANG_WARN_BLOCK_CAPTURE_AUTORELEASING = YES;
				CLANG_WARN_BOOL_CONVERSION = YES;
				CLANG_WARN_COMMA = YES;
				CLANG_WARN_CONSTANT_CONVERSION = YES;
				CLANG_WARN_DEPRECATED_OBJC_IMPLEMENTATIONS = YES;
				CLANG_WARN_DIRECT_OBJC_ISA_USAGE = YES_ERROR;
				CLANG_WARN_DOCUMENTATION_COMMENTS = YES;
				CLANG_WARN_EMPTY_BODY = YES;
				CLANG_WARN_ENUM_CONVERSION = YES;
				CLANG_WARN_INFINITE_RECURSION = YES;
				CLANG_WARN_INT_CONVERSION = YES;
				CLANG_WARN_NON_LITERAL_NULL_CONVERSION = YES;
				CLANG_WARN_OBJC_IMPLICIT_RETAIN_SELF = YES;
				CLANG_WARN_OBJC_LITERAL_CONVERSION = YES;
				CLANG_WARN_OBJC_ROOT_CLASS = YES_ERROR;
				CLANG_WARN_QUOTED_INCLUDE_IN_FRAMEWORK_HEADER = YES;
				CLANG_WARN_RANGE_LOOP_ANALYSIS = YES;
				CLANG_WARN_STRICT_PROTOTYPES = YES;
				CLANG_WARN_SUSPICIOUS_MOVE = YES;
				CLANG_WARN_UNGUARDED_AVAILABILITY = YES_AGGRESSIVE;
				CLANG_WARN_UNREACHABLE_CODE = YES;
				CLANG_WARN__DUPLICATE_METHOD_MATCH = YES;
				COPY_PHASE_STRIP = NO;
				DEBUG_INFORMATION_FORMAT = dwarf;
				ENABLE_STRICT_OBJC_MSGSEND = YES;
				ENABLE_TESTABILITY = YES;
				GCC_C_LANGUAGE_STANDARD = gnu11;
				GCC_DYNAMIC_NO_PIC = NO;
				GCC_NO_COMMON_BLOCKS = YES;
				GCC_OPTIMIZATION_LEVEL = 0;
				GCC_PREPROCESSOR_DEFINITIONS = (
					"DEBUG=1",
					"$(inherited)",
				);
				GCC_WARN_64_TO_32_BIT_CONVERSION = YES;
				GCC_WARN_ABOUT_RETURN_TYPE = YES_ERROR;
				GCC_WARN_UNDECLARED_SELECTOR = YES;
				GCC_WARN_UNINITIALIZED_AUTOS = YES_AGGRESSIVE;
				GCC_WARN_UNUSED_FUNCTION = YES;
				GCC_WARN_UNUSED_VARIABLE = YES;
				IPHONEOS_DEPLOYMENT_TARGET = 15.5;
				MTL_ENABLE_DEBUG_INFO = INCLUDE_SOURCE;
				MTL_FAST_MATH = YES;
				ONLY_ACTIVE_ARCH = YES;
				SDKROOT = iphoneos;
				SWIFT_ACTIVE_COMPILATION_CONDITIONS = DEBUG;
				SWIFT_OPTIMIZATION_LEVEL = "-Onone";
			};
			name = Debug;
		};
		E1696940287C12E600BF5BA9 /* Release */ = {
			isa = XCBuildConfiguration;
			buildSettings = {
				ALWAYS_SEARCH_USER_PATHS = NO;
				CLANG_ANALYZER_NONNULL = YES;
				CLANG_ANALYZER_NUMBER_OBJECT_CONVERSION = YES_AGGRESSIVE;
				CLANG_CXX_LANGUAGE_STANDARD = "gnu++17";
				CLANG_ENABLE_MODULES = YES;
				CLANG_ENABLE_OBJC_ARC = YES;
				CLANG_ENABLE_OBJC_WEAK = YES;
				CLANG_WARN_BLOCK_CAPTURE_AUTORELEASING = YES;
				CLANG_WARN_BOOL_CONVERSION = YES;
				CLANG_WARN_COMMA = YES;
				CLANG_WARN_CONSTANT_CONVERSION = YES;
				CLANG_WARN_DEPRECATED_OBJC_IMPLEMENTATIONS = YES;
				CLANG_WARN_DIRECT_OBJC_ISA_USAGE = YES_ERROR;
				CLANG_WARN_DOCUMENTATION_COMMENTS = YES;
				CLANG_WARN_EMPTY_BODY = YES;
				CLANG_WARN_ENUM_CONVERSION = YES;
				CLANG_WARN_INFINITE_RECURSION = YES;
				CLANG_WARN_INT_CONVERSION = YES;
				CLANG_WARN_NON_LITERAL_NULL_CONVERSION = YES;
				CLANG_WARN_OBJC_IMPLICIT_RETAIN_SELF = YES;
				CLANG_WARN_OBJC_LITERAL_CONVERSION = YES;
				CLANG_WARN_OBJC_ROOT_CLASS = YES_ERROR;
				CLANG_WARN_QUOTED_INCLUDE_IN_FRAMEWORK_HEADER = YES;
				CLANG_WARN_RANGE_LOOP_ANALYSIS = YES;
				CLANG_WARN_STRICT_PROTOTYPES = YES;
				CLANG_WARN_SUSPICIOUS_MOVE = YES;
				CLANG_WARN_UNGUARDED_AVAILABILITY = YES_AGGRESSIVE;
				CLANG_WARN_UNREACHABLE_CODE = YES;
				CLANG_WARN__DUPLICATE_METHOD_MATCH = YES;
				COPY_PHASE_STRIP = NO;
				DEBUG_INFORMATION_FORMAT = "dwarf-with-dsym";
				ENABLE_NS_ASSERTIONS = NO;
				ENABLE_STRICT_OBJC_MSGSEND = YES;
				GCC_C_LANGUAGE_STANDARD = gnu11;
				GCC_NO_COMMON_BLOCKS = YES;
				GCC_WARN_64_TO_32_BIT_CONVERSION = YES;
				GCC_WARN_ABOUT_RETURN_TYPE = YES_ERROR;
				GCC_WARN_UNDECLARED_SELECTOR = YES;
				GCC_WARN_UNINITIALIZED_AUTOS = YES_AGGRESSIVE;
				GCC_WARN_UNUSED_FUNCTION = YES;
				GCC_WARN_UNUSED_VARIABLE = YES;
				IPHONEOS_DEPLOYMENT_TARGET = 15.5;
				MTL_ENABLE_DEBUG_INFO = NO;
				MTL_FAST_MATH = YES;
				SDKROOT = iphoneos;
				SWIFT_COMPILATION_MODE = wholemodule;
				SWIFT_OPTIMIZATION_LEVEL = "-O";
				VALIDATE_PRODUCT = YES;
			};
			name = Release;
		};
		E1696942287C12E600BF5BA9 /* Debug */ = {
			isa = XCBuildConfiguration;
			buildSettings = {
				ASSETCATALOG_COMPILER_APPICON_NAME = AppIcon;
				ASSETCATALOG_COMPILER_GLOBAL_ACCENT_COLOR_NAME = AccentColor;
				CODE_SIGN_STYLE = Automatic;
				CURRENT_PROJECT_VERSION = 1;
				DEVELOPMENT_ASSET_PATHS = "\"Unlost/Preview Content\"";
				ENABLE_PREVIEWS = YES;
				GENERATE_INFOPLIST_FILE = YES;
				INFOPLIST_KEY_UIApplicationSceneManifest_Generation = YES;
				INFOPLIST_KEY_UIApplicationSupportsIndirectInputEvents = YES;
				INFOPLIST_KEY_UILaunchScreen_Generation = YES;
				INFOPLIST_KEY_UISupportedInterfaceOrientations_iPad = "UIInterfaceOrientationPortrait UIInterfaceOrientationPortraitUpsideDown UIInterfaceOrientationLandscapeLeft UIInterfaceOrientationLandscapeRight";
				INFOPLIST_KEY_UISupportedInterfaceOrientations_iPhone = "UIInterfaceOrientationPortrait UIInterfaceOrientationLandscapeLeft UIInterfaceOrientationLandscapeRight";
				LD_RUNPATH_SEARCH_PATHS = (
					"$(inherited)",
					"@executable_path/Frameworks",
				);
				MARKETING_VERSION = 1.0;
				PRODUCT_BUNDLE_IDENTIFIER = com.github.unlostapp.Unlost;
				PRODUCT_NAME = "$(TARGET_NAME)";
				SWIFT_EMIT_LOC_STRINGS = YES;
				SWIFT_VERSION = 5.0;
				TARGETED_DEVICE_FAMILY = "1,2";
			};
			name = Debug;
		};
		E1696943287C12E600BF5BA9 /* Release */ = {
			isa = XCBuildConfiguration;
			buildSettings = {
				ASSETCATALOG_COMPILER_APPICON_NAME = AppIcon;
				ASSETCATALOG_COMPILER_GLOBAL_ACCENT_COLOR_NAME = AccentColor;
				CODE_SIGN_STYLE = Automatic;
				CURRENT_PROJECT_VERSION = 1;
				DEVELOPMENT_ASSET_PATHS = "\"Unlost/Preview Content\"";
				ENABLE_PREVIEWS = YES;
				GENERATE_INFOPLIST_FILE = YES;
				INFOPLIST_KEY_UIApplicationSceneManifest_Generation = YES;
				INFOPLIST_KEY_UIApplicationSupportsIndirectInputEvents = YES;
				INFOPLIST_KEY_UILaunchScreen_Generation = YES;
				INFOPLIST_KEY_UISupportedInterfaceOrientations_iPad = "UIInterfaceOrientationPortrait UIInterfaceOrientationPortraitUpsideDown UIInterfaceOrientationLandscapeLeft UIInterfaceOrientationLandscapeRight";
				INFOPLIST_KEY_UISupportedInterfaceOrientations_iPhone = "UIInterfaceOrientationPortrait UIInterfaceOrientationLandscapeLeft UIInterfaceOrientationLandscapeRight";
				LD_RUNPATH_SEARCH_PATHS = (
					"$(inherited)",
					"@executable_path/Frameworks",
				);
				MARKETING_VERSION = 1.0;
				PRODUCT_BUNDLE_IDENTIFIER = com.github.unlostapp.Unlost;
				PRODUCT_NAME = "$(TARGET_NAME)";
				SWIFT_EMIT_LOC_STRINGS = YES;
				SWIFT_VERSION = 5.0;
				TARGETED_DEVICE_FAMILY = "1,2";
			};
			name = Release;
		};
		E1696945287C12E600BF5BA9 /* Debug */ = {
			isa = XCBuildConfiguration;
			buildSettings = {
				ALWAYS_EMBED_SWIFT_STANDARD_LIBRARIES = YES;
				BUNDLE_LOADER = "$(TEST_HOST)";
				CODE_SIGN_STYLE = Automatic;
				CURRENT_PROJECT_VERSION = 1;
				GENERATE_INFOPLIST_FILE = YES;
				IPHONEOS_DEPLOYMENT_TARGET = 15.5;
				MARKETING_VERSION = 1.0;
				PRODUCT_BUNDLE_IDENTIFIER = com.github.unlostapp.UnlostTests;
				PRODUCT_NAME = "$(TARGET_NAME)";
				SWIFT_EMIT_LOC_STRINGS = NO;
				SWIFT_VERSION = 5.0;
				TARGETED_DEVICE_FAMILY = "1,2";
				TEST_HOST = "$(BUILT_PRODUCTS_DIR)/Unlost.app/Unlost";
			};
			name = Debug;
		};
		E1696946287C12E600BF5BA9 /* Release */ = {
			isa = XCBuildConfiguration;
			buildSettings = {
				ALWAYS_EMBED_SWIFT_STANDARD_LIBRARIES = YES;
				BUNDLE_LOADER = "$(TEST_HOST)";
				CODE_SIGN_STYLE = Automatic;
				CURRENT_PROJECT_VERSION = 1;
				GENERATE_INFOPLIST_FILE = YES;
				IPHONEOS_DEPLOYMENT_TARGET = 15.5;
				MARKETING_VERSION = 1.0;
				PRODUCT_BUNDLE_IDENTIFIER = com.github.unlostapp.UnlostTests;
				PRODUCT_NAME = "$(TARGET_NAME)";
				SWIFT_EMIT_LOC_STRINGS = NO;
				SWIFT_VERSION = 5.0;
				TARGETED_DEVICE_FAMILY = "1,2";
				TEST_HOST = "$(BUILT_PRODUCTS_DIR)/Unlost.app/Unlost";
			};
			name = Release;
		};
		E1696948287C12E600BF5BA9 /* Debug */ = {
			isa = XCBuildConfiguration;
			buildSettings = {
				ALWAYS_EMBED_SWIFT_STANDARD_LIBRARIES = YES;
				CODE_SIGN_STYLE = Automatic;
				CURRENT_PROJECT_VERSION = 1;
				GENERATE_INFOPLIST_FILE = YES;
				MARKETING_VERSION = 1.0;
				PRODUCT_BUNDLE_IDENTIFIER = com.github.unlostapp.UnlostUITests;
				PRODUCT_NAME = "$(TARGET_NAME)";
				SWIFT_EMIT_LOC_STRINGS = NO;
				SWIFT_VERSION = 5.0;
				TARGETED_DEVICE_FAMILY = "1,2";
				TEST_TARGET_NAME = Unlost;
			};
			name = Debug;
		};
		E1696949287C12E600BF5BA9 /* Release */ = {
			isa = XCBuildConfiguration;
			buildSettings = {
				ALWAYS_EMBED_SWIFT_STANDARD_LIBRARIES = YES;
				CODE_SIGN_STYLE = Automatic;
				CURRENT_PROJECT_VERSION = 1;
				GENERATE_INFOPLIST_FILE = YES;
				MARKETING_VERSION = 1.0;
				PRODUCT_BUNDLE_IDENTIFIER = com.github.unlostapp.UnlostUITests;
				PRODUCT_NAME = "$(TARGET_NAME)";
				SWIFT_EMIT_LOC_STRINGS = NO;
				SWIFT_VERSION = 5.0;
				TARGETED_DEVICE_FAMILY = "1,2";
				TEST_TARGET_NAME = Unlost;
			};
			name = Release;
		};
/* End XCBuildConfiguration section */

/* Begin XCConfigurationList section */
		E1696918287C12E300BF5BA9 /* Build configuration list for PBXProject "Unlost" */ = {
			isa = XCConfigurationList;
			buildConfigurations = (
				E169693F287C12E600BF5BA9 /* Debug */,
				E1696940287C12E600BF5BA9 /* Release */,
			);
			defaultConfigurationIsVisible = 0;
			defaultConfigurationName = Release;
		};
		E1696941287C12E600BF5BA9 /* Build configuration list for PBXNativeTarget "Unlost" */ = {
			isa = XCConfigurationList;
			buildConfigurations = (
				E1696942287C12E600BF5BA9 /* Debug */,
				E1696943287C12E600BF5BA9 /* Release */,
			);
			defaultConfigurationIsVisible = 0;
			defaultConfigurationName = Release;
		};
		E1696944287C12E600BF5BA9 /* Build configuration list for PBXNativeTarget "UnlostTests" */ = {
			isa = XCConfigurationList;
			buildConfigurations = (
				E1696945287C12E600BF5BA9 /* Debug */,
				E1696946287C12E600BF5BA9 /* Release */,
			);
			defaultConfigurationIsVisible = 0;
			defaultConfigurationName = Release;
		};
		E1696947287C12E600BF5BA9 /* Build configuration list for PBXNativeTarget "UnlostUITests" */ = {
			isa = XCConfigurationList;
			buildConfigurations = (
				E1696948287C12E600BF5BA9 /* Debug */,
				E1696949287C12E600BF5BA9 /* Release */,
			);
			defaultConfigurationIsVisible = 0;
			defaultConfigurationName = Release;
		};
/* End XCConfigurationList section */
	};
	rootObject = E1696915287C12E300BF5BA9 /* Project object */;
}
